
Microsoft Visual Studio Solution File, Format Version 12.00
# Visual Studio 15
VisualStudioVersion = 15.0.26124.0
MinimumVisualStudioVersion = 15.0.26124.0
Project("{FAE04EC0-301F-11D3-BF4B-00C04F79EFBC}") = "MediatonicPets", "MediatonicPets\MediatonicPets.csproj", "{E94DE785-3C59-480D-B762-7D3C39C88BBA}"
EndProject
Project("{FAE04EC0-301F-11D3-BF4B-00C04F79EFBC}") = "MediatonicPets.Tests", "MediatonicPets.Tests\MediatonicPets.Tests.csproj", "{E3FDCD40-2655-4EAD-AF05-9200F1B374B7}"
EndProject
Global
	GlobalSection(SolutionConfigurationPlatforms) = preSolution
		Debug|Any CPU = Debug|Any CPU
		Debug|x64 = Debug|x64
		Debug|x86 = Debug|x86
		Release|Any CPU = Release|Any CPU
		Release|x64 = Release|x64
		Release|x86 = Release|x86
	EndGlobalSection
	GlobalSection(SolutionProperties) = preSolution
		HideSolutionNode = FALSE
	EndGlobalSection
	GlobalSection(ProjectConfigurationPlatforms) = postSolution
		{E94DE785-3C59-480D-B762-7D3C39C88BBA}.Debug|Any CPU.ActiveCfg = Debug|Any CPU
		{E94DE785-3C59-480D-B762-7D3C39C88BBA}.Debug|Any CPU.Build.0 = Debug|Any CPU
		{E94DE785-3C59-480D-B762-7D3C39C88BBA}.Debug|x64.ActiveCfg = Debug|Any CPU
		{E94DE785-3C59-480D-B762-7D3C39C88BBA}.Debug|x64.Build.0 = Debug|Any CPU
		{E94DE785-3C59-480D-B762-7D3C39C88BBA}.Debug|x86.ActiveCfg = Debug|Any CPU
		{E94DE785-3C59-480D-B762-7D3C39C88BBA}.Debug|x86.Build.0 = Debug|Any CPU
		{E94DE785-3C59-480D-B762-7D3C39C88BBA}.Release|Any CPU.ActiveCfg = Release|Any CPU
		{E94DE785-3C59-480D-B762-7D3C39C88BBA}.Release|Any CPU.Build.0 = Release|Any CPU
		{E94DE785-3C59-480D-B762-7D3C39C88BBA}.Release|x64.ActiveCfg = Release|Any CPU
		{E94DE785-3C59-480D-B762-7D3C39C88BBA}.Release|x64.Build.0 = Release|Any CPU
		{E94DE785-3C59-480D-B762-7D3C39C88BBA}.Release|x86.ActiveCfg = Release|Any CPU
		{E94DE785-3C59-480D-B762-7D3C39C88BBA}.Release|x86.Build.0 = Release|Any CPU
		{E3FDCD40-2655-4EAD-AF05-9200F1B374B7}.Debug|Any CPU.ActiveCfg = Debug|Any CPU
		{E3FDCD40-2655-4EAD-AF05-9200F1B374B7}.Debug|Any CPU.Build.0 = Debug|Any CPU
		{E3FDCD40-2655-4EAD-AF05-9200F1B374B7}.Debug|x64.ActiveCfg = Debug|Any CPU
		{E3FDCD40-2655-4EAD-AF05-9200F1B374B7}.Debug|x64.Build.0 = Debug|Any CPU
		{E3FDCD40-2655-4EAD-AF05-9200F1B374B7}.Debug|x86.ActiveCfg = Debug|Any CPU
		{E3FDCD40-2655-4EAD-AF05-9200F1B374B7}.Debug|x86.Build.0 = Debug|Any CPU
		{E3FDCD40-2655-4EAD-AF05-9200F1B374B7}.Release|Any CPU.ActiveCfg = Release|Any CPU
		{E3FDCD40-2655-4EAD-AF05-9200F1B374B7}.Release|Any CPU.Build.0 = Release|Any CPU
		{E3FDCD40-2655-4EAD-AF05-9200F1B374B7}.Release|x64.ActiveCfg = Release|Any CPU
		{E3FDCD40-2655-4EAD-AF05-9200F1B374B7}.Release|x64.Build.0 = Release|Any CPU
		{E3FDCD40-2655-4EAD-AF05-9200F1B374B7}.Release|x86.ActiveCfg = Release|Any CPU
		{E3FDCD40-2655-4EAD-AF05-9200F1B374B7}.Release|x86.Build.0 = Release|Any CPU
	EndGlobalSection
EndGlobal
